
Microsoft Visual Studio Solution File, Format Version 12.00
# Visual Studio 14
VisualStudioVersion = 14.0.25123.0
MinimumVisualStudioVersion = 10.0.40219.1
Project("{FAE04EC0-301F-11D3-BF4B-00C04F79EFBC}") = "WcfServiceLib", "WcfServiceLib\WcfServiceLib.csproj", "{849C997F-F76F-4980-8F71-F5DD4251A348}"
EndProject
Project("{FAE04EC0-301F-11D3-BF4B-00C04F79EFBC}") = "WcfConsole", "WcfConsole\WcfConsole.csproj", "{2C1F0B73-92CA-4984-B97A-81F3BFC684FD}"
EndProject
Project("{FAE04EC0-301F-11D3-BF4B-00C04F79EFBC}") = "WcfPractice", "WcfPractice\WcfPractice.csproj", "{A5225D19-EA12-4AFC-8E6D-32EAB53231A1}"
EndProject
Global
	GlobalSection(SolutionConfigurationPlatforms) = preSolution
		Debug|Any CPU = Debug|Any CPU
		Release|Any CPU = Release|Any CPU
	EndGlobalSection
	GlobalSection(ProjectConfigurationPlatforms) = postSolution
		{849C997F-F76F-4980-8F71-F5DD4251A348}.Debug|Any CPU.ActiveCfg = Debug|Any CPU
		{849C997F-F76F-4980-8F71-F5DD4251A348}.Debug|Any CPU.Build.0 = Debug|Any CPU
		{849C997F-F76F-4980-8F71-F5DD4251A348}.Release|Any CPU.ActiveCfg = Release|Any CPU
		{849C997F-F76F-4980-8F71-F5DD4251A348}.Release|Any CPU.Build.0 = Release|Any CPU
		{2C1F0B73-92CA-4984-B97A-81F3BFC684FD}.Debug|Any CPU.ActiveCfg = Debug|Any CPU
		{2C1F0B73-92CA-4984-B97A-81F3BFC684FD}.Debug|Any CPU.Build.0 = Debug|Any CPU
		{2C1F0B73-92CA-4984-B97A-81F3BFC684FD}.Release|Any CPU.ActiveCfg = Release|Any CPU
		{2C1F0B73-92CA-4984-B97A-81F3BFC684FD}.Release|Any CPU.Build.0 = Release|Any CPU
		{A5225D19-EA12-4AFC-8E6D-32EAB53231A1}.Debug|Any CPU.ActiveCfg = Debug|Any CPU
		{A5225D19-EA12-4AFC-8E6D-32EAB53231A1}.Debug|Any CPU.Build.0 = Debug|Any CPU
		{A5225D19-EA12-4AFC-8E6D-32EAB53231A1}.Release|Any CPU.ActiveCfg = Release|Any CPU
		{A5225D19-EA12-4AFC-8E6D-32EAB53231A1}.Release|Any CPU.Build.0 = Release|Any CPU
	EndGlobalSection
	GlobalSection(SolutionProperties) = preSolution
		HideSolutionNode = FALSE
	EndGlobalSection
EndGlobal
