
Microsoft Visual Studio Solution File, Format Version 12.00
# Visual Studio 14
VisualStudioVersion = 14.0.25420.1
MinimumVisualStudioVersion = 10.0.40219.1
Project("{FAE04EC0-301F-11D3-BF4B-00C04F79EFBC}") = "EFExample", "EFExample\EFExample.csproj", "{1FCFB5D1-1EC5-47FA-BDCA-4E12960BE242}"
EndProject
Project("{FAE04EC0-301F-11D3-BF4B-00C04F79EFBC}") = "EFLib", "EFLib\EFLib.csproj", "{CE58ADCC-708A-418E-8AFC-631844B2B322}"
EndProject
Project("{FAE04EC0-301F-11D3-BF4B-00C04F79EFBC}") = "Sunxsh.Test.Lib", "Sunxsh.Test.Lib\Sunxsh.Test.Lib.csproj", "{6636CD04-2E04-4526-A516-34F380953D24}"
EndProject
Global
	GlobalSection(SolutionConfigurationPlatforms) = preSolution
		Debug|Any CPU = Debug|Any CPU
		Release|Any CPU = Release|Any CPU
	EndGlobalSection
	GlobalSection(ProjectConfigurationPlatforms) = postSolution
		{1FCFB5D1-1EC5-47FA-BDCA-4E12960BE242}.Debug|Any CPU.ActiveCfg = Debug|Any CPU
		{1FCFB5D1-1EC5-47FA-BDCA-4E12960BE242}.Debug|Any CPU.Build.0 = Debug|Any CPU
		{1FCFB5D1-1EC5-47FA-BDCA-4E12960BE242}.Release|Any CPU.ActiveCfg = Release|Any CPU
		{1FCFB5D1-1EC5-47FA-BDCA-4E12960BE242}.Release|Any CPU.Build.0 = Release|Any CPU
		{CE58ADCC-708A-418E-8AFC-631844B2B322}.Debug|Any CPU.ActiveCfg = Debug|Any CPU
		{CE58ADCC-708A-418E-8AFC-631844B2B322}.Debug|Any CPU.Build.0 = Debug|Any CPU
		{CE58ADCC-708A-418E-8AFC-631844B2B322}.Release|Any CPU.ActiveCfg = Release|Any CPU
		{CE58ADCC-708A-418E-8AFC-631844B2B322}.Release|Any CPU.Build.0 = Release|Any CPU
		{6636CD04-2E04-4526-A516-34F380953D24}.Debug|Any CPU.ActiveCfg = Debug|Any CPU
		{6636CD04-2E04-4526-A516-34F380953D24}.Debug|Any CPU.Build.0 = Debug|Any CPU
		{6636CD04-2E04-4526-A516-34F380953D24}.Release|Any CPU.ActiveCfg = Release|Any CPU
		{6636CD04-2E04-4526-A516-34F380953D24}.Release|Any CPU.Build.0 = Release|Any CPU
	EndGlobalSection
	GlobalSection(SolutionProperties) = preSolution
		HideSolutionNode = FALSE
	EndGlobalSection
EndGlobal
